// !$*UTF8*$!
{
	archiveVersion = 1;
	classes = {
	};
	objectVersion = 46;
	objects = {

/* Begin PBXBuildFile section */
		ACA26B78EAE51A28D5CAA6EC /* Pods_MBZBarcode.framework in Frameworks */ = {isa = PBXBuildFile; fileRef = B82AE508CCDB8ECC7DACEDC9 /* Pods_MBZBarcode.framework */; };
		C42B1A791E6BEE6C001C211C /* beep.wav in Resources */ = {isa = PBXBuildFile; fileRef = C42B1A781E6BEE6C001C211C /* beep.wav */; };
		C42B1A7A1E6BEE6C001C211C /* beep.wav in Resources */ = {isa = PBXBuildFile; fileRef = C42B1A781E6BEE6C001C211C /* beep.wav */; };
		C43259E81E5EEF71005748F2 /* main.m in Sources */ = {isa = PBXBuildFile; fileRef = C43259E71E5EEF71005748F2 /* main.m */; };
		C43259EB1E5EEF71005748F2 /* AppDelegate.m in Sources */ = {isa = PBXBuildFile; fileRef = C43259EA1E5EEF71005748F2 /* AppDelegate.m */; };
		C43259EE1E5EEF71005748F2 /* ViewController.m in Sources */ = {isa = PBXBuildFile; fileRef = C43259ED1E5EEF71005748F2 /* ViewController.m */; };
		C43259F11E5EEF71005748F2 /* Main.storyboard in Resources */ = {isa = PBXBuildFile; fileRef = C43259EF1E5EEF71005748F2 /* Main.storyboard */; };
		C43259F31E5EEF71005748F2 /* Assets.xcassets in Resources */ = {isa = PBXBuildFile; fileRef = C43259F21E5EEF71005748F2 /* Assets.xcassets */; };
		C43259F61E5EEF71005748F2 /* LaunchScreen.storyboard in Resources */ = {isa = PBXBuildFile; fileRef = C43259F41E5EEF71005748F2 /* LaunchScreen.storyboard */; };
		C4325A011E5EEF71005748F2 /* MBZBarcodeTests.m in Sources */ = {isa = PBXBuildFile; fileRef = C4325A001E5EEF71005748F2 /* MBZBarcodeTests.m */; };
		C4325A0C1E5EEF71005748F2 /* MBZBarcodeUITests.m in Sources */ = {isa = PBXBuildFile; fileRef = C4325A0B1E5EEF71005748F2 /* MBZBarcodeUITests.m */; };
		C4325A1C1E5F0213005748F2 /* APIClientManager.m in Sources */ = {isa = PBXBuildFile; fileRef = C4325A1B1E5F0213005748F2 /* APIClientManager.m */; };
		C4325A381E5F03A1005748F2 /* NSDateFormatter+StaticInstance.m in Sources */ = {isa = PBXBuildFile; fileRef = C4325A211E5F03A1005748F2 /* NSDateFormatter+StaticInstance.m */; };
		C4325A391E5F03A1005748F2 /* NSDateFormatter+StaticInstance.m in Sources */ = {isa = PBXBuildFile; fileRef = C4325A211E5F03A1005748F2 /* NSDateFormatter+StaticInstance.m */; };
		C4325A3A1E5F03A1005748F2 /* NSError+Localization.m in Sources */ = {isa = PBXBuildFile; fileRef = C4325A231E5F03A1005748F2 /* NSError+Localization.m */; };
		C4325A3B1E5F03A1005748F2 /* NSError+Localization.m in Sources */ = {isa = PBXBuildFile; fileRef = C4325A231E5F03A1005748F2 /* NSError+Localization.m */; };
		C4325A3C1E5F03A1005748F2 /* NSObject+Cast.m in Sources */ = {isa = PBXBuildFile; fileRef = C4325A251E5F03A1005748F2 /* NSObject+Cast.m */; };
		C4325A3D1E5F03A1005748F2 /* NSObject+Cast.m in Sources */ = {isa = PBXBuildFile; fileRef = C4325A251E5F03A1005748F2 /* NSObject+Cast.m */; };
		C4325A3E1E5F03A1005748F2 /* NSString+Additions.m in Sources */ = {isa = PBXBuildFile; fileRef = C4325A271E5F03A1005748F2 /* NSString+Additions.m */; };
		C4325A3F1E5F03A1005748F2 /* NSString+Additions.m in Sources */ = {isa = PBXBuildFile; fileRef = C4325A271E5F03A1005748F2 /* NSString+Additions.m */; };
		C4325A401E5F03A1005748F2 /* SCLAlertView+Convenience.m in Sources */ = {isa = PBXBuildFile; fileRef = C4325A291E5F03A1005748F2 /* SCLAlertView+Convenience.m */; };
		C4325A411E5F03A1005748F2 /* SCLAlertView+Convenience.m in Sources */ = {isa = PBXBuildFile; fileRef = C4325A291E5F03A1005748F2 /* SCLAlertView+Convenience.m */; };
		C4325A421E5F03A1005748F2 /* UIAlertController+Convenience.m in Sources */ = {isa = PBXBuildFile; fileRef = C4325A2B1E5F03A1005748F2 /* UIAlertController+Convenience.m */; };
		C4325A431E5F03A1005748F2 /* UIAlertController+Convenience.m in Sources */ = {isa = PBXBuildFile; fileRef = C4325A2B1E5F03A1005748F2 /* UIAlertController+Convenience.m */; };
		C4325A441E5F03A1005748F2 /* UIButton+Format.m in Sources */ = {isa = PBXBuildFile; fileRef = C4325A2D1E5F03A1005748F2 /* UIButton+Format.m */; };
		C4325A451E5F03A1005748F2 /* UIButton+Format.m in Sources */ = {isa = PBXBuildFile; fileRef = C4325A2D1E5F03A1005748F2 /* UIButton+Format.m */; };
		C4325A461E5F03A1005748F2 /* UIColor+More.m in Sources */ = {isa = PBXBuildFile; fileRef = C4325A2F1E5F03A1005748F2 /* UIColor+More.m */; };
		C4325A471E5F03A1005748F2 /* UIColor+More.m in Sources */ = {isa = PBXBuildFile; fileRef = C4325A2F1E5F03A1005748F2 /* UIColor+More.m */; };
		C4325A481E5F03A1005748F2 /* UIFont+EcamFont.m in Sources */ = {isa = PBXBuildFile; fileRef = C4325A311E5F03A1005748F2 /* UIFont+EcamFont.m */; };
		C4325A491E5F03A1005748F2 /* UIFont+EcamFont.m in Sources */ = {isa = PBXBuildFile; fileRef = C4325A311E5F03A1005748F2 /* UIFont+EcamFont.m */; };
		C4325A4A1E5F03A1005748F2 /* UILabel+Format.m in Sources */ = {isa = PBXBuildFile; fileRef = C4325A331E5F03A1005748F2 /* UILabel+Format.m */; };
		C4325A4B1E5F03A1005748F2 /* UILabel+Format.m in Sources */ = {isa = PBXBuildFile; fileRef = C4325A331E5F03A1005748F2 /* UILabel+Format.m */; };
		C4325A4C1E5F03A1005748F2 /* UIView+Convenience.m in Sources */ = {isa = PBXBuildFile; fileRef = C4325A351E5F03A1005748F2 /* UIView+Convenience.m */; };
		C4325A4D1E5F03A1005748F2 /* UIView+Convenience.m in Sources */ = {isa = PBXBuildFile; fileRef = C4325A351E5F03A1005748F2 /* UIView+Convenience.m */; };
		C4325A4E1E5F03A1005748F2 /* UIViewController+Additions.m in Sources */ = {isa = PBXBuildFile; fileRef = C4325A371E5F03A1005748F2 /* UIViewController+Additions.m */; };
		C4325A4F1E5F03A1005748F2 /* UIViewController+Additions.m in Sources */ = {isa = PBXBuildFile; fileRef = C4325A371E5F03A1005748F2 /* UIViewController+Additions.m */; };
		C4325A531E5F0A06005748F2 /* Zones.m in Sources */ = {isa = PBXBuildFile; fileRef = C4325A521E5F0A06005748F2 /* Zones.m */; };
		C4325A541E5F0A06005748F2 /* Zones.m in Sources */ = {isa = PBXBuildFile; fileRef = C4325A521E5F0A06005748F2 /* Zones.m */; };
		C4325A581E5F0AD5005748F2 /* MBZCache.m in Sources */ = {isa = PBXBuildFile; fileRef = C4325A571E5F0AD5005748F2 /* MBZCache.m */; };
		C4325A591E5F0AD5005748F2 /* MBZCache.m in Sources */ = {isa = PBXBuildFile; fileRef = C4325A571E5F0AD5005748F2 /* MBZCache.m */; };
		C4325A5E1E5F0E29005748F2 /* BOWCountryCodeTableViewCell.m in Sources */ = {isa = PBXBuildFile; fileRef = C4325A5C1E5F0E29005748F2 /* BOWCountryCodeTableViewCell.m */; };
		C4325A5F1E5F0E29005748F2 /* BOWCountryCodeTableViewCell.m in Sources */ = {isa = PBXBuildFile; fileRef = C4325A5C1E5F0E29005748F2 /* BOWCountryCodeTableViewCell.m */; };
		C4325A601E5F0E29005748F2 /* BOWCountryCodeTableViewCell.xib in Resources */ = {isa = PBXBuildFile; fileRef = C4325A5D1E5F0E29005748F2 /* BOWCountryCodeTableViewCell.xib */; };
		C4325A611E5F0E29005748F2 /* BOWCountryCodeTableViewCell.xib in Resources */ = {isa = PBXBuildFile; fileRef = C4325A5D1E5F0E29005748F2 /* BOWCountryCodeTableViewCell.xib */; };
		C4325A651E5F0EF7005748F2 /* MBZFeedbackWorkshopListViewController.m in Sources */ = {isa = PBXBuildFile; fileRef = C4325A641E5F0EF7005748F2 /* MBZFeedbackWorkshopListViewController.m */; };
		C4325A661E5F0EF7005748F2 /* MBZFeedbackWorkshopListViewController.m in Sources */ = {isa = PBXBuildFile; fileRef = C4325A641E5F0EF7005748F2 /* MBZFeedbackWorkshopListViewController.m */; };
		C4325A691E5F0F30005748F2 /* MBZTableViewCell.m in Sources */ = {isa = PBXBuildFile; fileRef = C4325A681E5F0F30005748F2 /* MBZTableViewCell.m */; };
		C4325A6A1E5F0F30005748F2 /* MBZTableViewCell.m in Sources */ = {isa = PBXBuildFile; fileRef = C4325A681E5F0F30005748F2 /* MBZTableViewCell.m */; };
		C45A96841E6BF80600DAA02D /* GE_Dinar_Two_Light.otf in Resources */ = {isa = PBXBuildFile; fileRef = C45A96781E6BF80600DAA02D /* GE_Dinar_Two_Light.otf */; };
		C45A96851E6BF80600DAA02D /* GE_Dinar_Two_Light.otf in Resources */ = {isa = PBXBuildFile; fileRef = C45A96781E6BF80600DAA02D /* GE_Dinar_Two_Light.otf */; };
		C45A96861E6BF80600DAA02D /* GE_Dinar_Two_Medium.otf in Resources */ = {isa = PBXBuildFile; fileRef = C45A96791E6BF80600DAA02D /* GE_Dinar_Two_Medium.otf */; };
		C45A96871E6BF80600DAA02D /* GE_Dinar_Two_Medium.otf in Resources */ = {isa = PBXBuildFile; fileRef = C45A96791E6BF80600DAA02D /* GE_Dinar_Two_Medium.otf */; };
		C45A96881E6BF80600DAA02D /* Seravek-Bold.otf in Resources */ = {isa = PBXBuildFile; fileRef = C45A967A1E6BF80600DAA02D /* Seravek-Bold.otf */; };
		C45A96891E6BF80600DAA02D /* Seravek-Bold.otf in Resources */ = {isa = PBXBuildFile; fileRef = C45A967A1E6BF80600DAA02D /* Seravek-Bold.otf */; };
		C45A968A1E6BF80600DAA02D /* Seravek-BoldItalic.otf in Resources */ = {isa = PBXBuildFile; fileRef = C45A967B1E6BF80600DAA02D /* Seravek-BoldItalic.otf */; };
		C45A968B1E6BF80600DAA02D /* Seravek-BoldItalic.otf in Resources */ = {isa = PBXBuildFile; fileRef = C45A967B1E6BF80600DAA02D /* Seravek-BoldItalic.otf */; };
		C45A968C1E6BF80600DAA02D /* Seravek-ExtraLight.otf in Resources */ = {isa = PBXBuildFile; fileRef = C45A967C1E6BF80600DAA02D /* Seravek-ExtraLight.otf */; };
		C45A968D1E6BF80600DAA02D /* Seravek-ExtraLight.otf in Resources */ = {isa = PBXBuildFile; fileRef = C45A967C1E6BF80600DAA02D /* Seravek-ExtraLight.otf */; };
		C45A968E1E6BF80600DAA02D /* Seravek-ExtraLightItalic.otf in Resources */ = {isa = PBXBuildFile; fileRef = C45A967D1E6BF80600DAA02D /* Seravek-ExtraLightItalic.otf */; };
		C45A968F1E6BF80600DAA02D /* Seravek-ExtraLightItalic.otf in Resources */ = {isa = PBXBuildFile; fileRef = C45A967D1E6BF80600DAA02D /* Seravek-ExtraLightItalic.otf */; };
		C45A96901E6BF80600DAA02D /* Seravek-Italic.otf in Resources */ = {isa = PBXBuildFile; fileRef = C45A967E1E6BF80600DAA02D /* Seravek-Italic.otf */; };
		C45A96911E6BF80600DAA02D /* Seravek-Italic.otf in Resources */ = {isa = PBXBuildFile; fileRef = C45A967E1E6BF80600DAA02D /* Seravek-Italic.otf */; };
		C45A96921E6BF80600DAA02D /* Seravek-Light.otf in Resources */ = {isa = PBXBuildFile; fileRef = C45A967F1E6BF80600DAA02D /* Seravek-Light.otf */; };
		C45A96931E6BF80600DAA02D /* Seravek-Light.otf in Resources */ = {isa = PBXBuildFile; fileRef = C45A967F1E6BF80600DAA02D /* Seravek-Light.otf */; };
		C45A96941E6BF80600DAA02D /* Seravek-LightItalic.otf in Resources */ = {isa = PBXBuildFile; fileRef = C45A96801E6BF80600DAA02D /* Seravek-LightItalic.otf */; };
		C45A96951E6BF80600DAA02D /* Seravek-LightItalic.otf in Resources */ = {isa = PBXBuildFile; fileRef = C45A96801E6BF80600DAA02D /* Seravek-LightItalic.otf */; };
		C45A96961E6BF80600DAA02D /* Seravek-Medium.otf in Resources */ = {isa = PBXBuildFile; fileRef = C45A96811E6BF80600DAA02D /* Seravek-Medium.otf */; };
		C45A96971E6BF80600DAA02D /* Seravek-Medium.otf in Resources */ = {isa = PBXBuildFile; fileRef = C45A96811E6BF80600DAA02D /* Seravek-Medium.otf */; };
		C45A96981E6BF80600DAA02D /* Seravek-MediumItalic.otf in Resources */ = {isa = PBXBuildFile; fileRef = C45A96821E6BF80600DAA02D /* Seravek-MediumItalic.otf */; };
		C45A96991E6BF80600DAA02D /* Seravek-MediumItalic.otf in Resources */ = {isa = PBXBuildFile; fileRef = C45A96821E6BF80600DAA02D /* Seravek-MediumItalic.otf */; };
		C45A969A1E6BF80600DAA02D /* Seravek.otf in Resources */ = {isa = PBXBuildFile; fileRef = C45A96831E6BF80600DAA02D /* Seravek.otf */; };
		C45A969B1E6BF80600DAA02D /* Seravek.otf in Resources */ = {isa = PBXBuildFile; fileRef = C45A96831E6BF80600DAA02D /* Seravek.otf */; };
		C4766BCF1E6C28B900F65CF2 /* BarCode.m in Sources */ = {isa = PBXBuildFile; fileRef = C4766BCE1E6C28B900F65CF2 /* BarCode.m */; };
		C4766BD01E6C28B900F65CF2 /* BarCode.m in Sources */ = {isa = PBXBuildFile; fileRef = C4766BCE1E6C28B900F65CF2 /* BarCode.m */; };
		C4766BD41E6C370200F65CF2 /* Reachability.m in Sources */ = {isa = PBXBuildFile; fileRef = C4766BD31E6C370200F65CF2 /* Reachability.m */; };
		C4766BD51E6C370200F65CF2 /* Reachability.m in Sources */ = {isa = PBXBuildFile; fileRef = C4766BD31E6C370200F65CF2 /* Reachability.m */; };
		C4766BD91E6C3C4600F65CF2 /* Fabric.framework in Frameworks */ = {isa = PBXBuildFile; fileRef = C4766BD71E6C3C4600F65CF2 /* Fabric.framework */; };
		C4766BDA1E6C3C4600F65CF2 /* Fabric.framework in Frameworks */ = {isa = PBXBuildFile; fileRef = C4766BD71E6C3C4600F65CF2 /* Fabric.framework */; };
		C4766BDB1E6C3C4600F65CF2 /* Crashlytics.framework in Frameworks */ = {isa = PBXBuildFile; fileRef = C4766BD81E6C3C4600F65CF2 /* Crashlytics.framework */; };
		C4766BDC1E6C3C4600F65CF2 /* Crashlytics.framework in Frameworks */ = {isa = PBXBuildFile; fileRef = C4766BD81E6C3C4600F65CF2 /* Crashlytics.framework */; };
/* End PBXBuildFile section */

/* Begin PBXContainerItemProxy section */
		C43259FD1E5EEF71005748F2 /* PBXContainerItemProxy */ = {
			isa = PBXContainerItemProxy;
			containerPortal = C43259DB1E5EEF70005748F2 /* Project object */;
			proxyType = 1;
			remoteGlobalIDString = C43259E21E5EEF71005748F2;
			remoteInfo = MBZBarcode;
		};
		C4325A081E5EEF71005748F2 /* PBXContainerItemProxy */ = {
			isa = PBXContainerItemProxy;
			containerPortal = C43259DB1E5EEF70005748F2 /* Project object */;
			proxyType = 1;
			remoteGlobalIDString = C43259E21E5EEF71005748F2;
			remoteInfo = MBZBarcode;
		};
/* End PBXContainerItemProxy section */

/* Begin PBXFileReference section */
		849422FEFA0335B2F40F90B4 /* Pods-MBZBarcode.release.xcconfig */ = {isa = PBXFileReference; includeInIndex = 1; lastKnownFileType = text.xcconfig; name = "Pods-MBZBarcode.release.xcconfig"; path = "Pods/Target Support Files/Pods-MBZBarcode/Pods-MBZBarcode.release.xcconfig"; sourceTree = "<group>"; };
		92EC5574F232BCD76890DD8C /* Pods-MBZBarcode.debug.xcconfig */ = {isa = PBXFileReference; includeInIndex = 1; lastKnownFileType = text.xcconfig; name = "Pods-MBZBarcode.debug.xcconfig"; path = "Pods/Target Support Files/Pods-MBZBarcode/Pods-MBZBarcode.debug.xcconfig"; sourceTree = "<group>"; };
		B82AE508CCDB8ECC7DACEDC9 /* Pods_MBZBarcode.framework */ = {isa = PBXFileReference; explicitFileType = wrapper.framework; includeInIndex = 0; path = Pods_MBZBarcode.framework; sourceTree = BUILT_PRODUCTS_DIR; };
		C42B1A781E6BEE6C001C211C /* beep.wav */ = {isa = PBXFileReference; lastKnownFileType = audio.wav; path = beep.wav; sourceTree = "<group>"; };
		C43259E31E5EEF71005748F2 /* MBZBarcode.app */ = {isa = PBXFileReference; explicitFileType = wrapper.application; includeInIndex = 0; path = MBZBarcode.app; sourceTree = BUILT_PRODUCTS_DIR; };
		C43259E71E5EEF71005748F2 /* main.m */ = {isa = PBXFileReference; lastKnownFileType = sourcecode.c.objc; path = main.m; sourceTree = "<group>"; };
		C43259E91E5EEF71005748F2 /* AppDelegate.h */ = {isa = PBXFileReference; lastKnownFileType = sourcecode.c.h; path = AppDelegate.h; sourceTree = "<group>"; };
		C43259EA1E5EEF71005748F2 /* AppDelegate.m */ = {isa = PBXFileReference; lastKnownFileType = sourcecode.c.objc; path = AppDelegate.m; sourceTree = "<group>"; };
		C43259EC1E5EEF71005748F2 /* ViewController.h */ = {isa = PBXFileReference; lastKnownFileType = sourcecode.c.h; path = ViewController.h; sourceTree = "<group>"; };
		C43259ED1E5EEF71005748F2 /* ViewController.m */ = {isa = PBXFileReference; lastKnownFileType = sourcecode.c.objc; path = ViewController.m; sourceTree = "<group>"; };
		C43259F01E5EEF71005748F2 /* Base */ = {isa = PBXFileReference; lastKnownFileType = file.storyboard; name = Base; path = Base.lproj/Main.storyboard; sourceTree = "<group>"; };
		C43259F21E5EEF71005748F2 /* Assets.xcassets */ = {isa = PBXFileReference; lastKnownFileType = folder.assetcatalog; path = Assets.xcassets; sourceTree = "<group>"; };
		C43259F51E5EEF71005748F2 /* Base */ = {isa = PBXFileReference; lastKnownFileType = file.storyboard; name = Base; path = Base.lproj/LaunchScreen.storyboard; sourceTree = "<group>"; };
		C43259F71E5EEF71005748F2 /* Info.plist */ = {isa = PBXFileReference; lastKnownFileType = text.plist.xml; path = Info.plist; sourceTree = "<group>"; };
		C43259FC1E5EEF71005748F2 /* MBZBarcodeTests.xctest */ = {isa = PBXFileReference; explicitFileType = wrapper.cfbundle; includeInIndex = 0; path = MBZBarcodeTests.xctest; sourceTree = BUILT_PRODUCTS_DIR; };
		C4325A001E5EEF71005748F2 /* MBZBarcodeTests.m */ = {isa = PBXFileReference; lastKnownFileType = sourcecode.c.objc; path = MBZBarcodeTests.m; sourceTree = "<group>"; };
		C4325A021E5EEF71005748F2 /* Info.plist */ = {isa = PBXFileReference; lastKnownFileType = text.plist.xml; path = Info.plist; sourceTree = "<group>"; };
		C4325A071E5EEF71005748F2 /* MBZBarcodeUITests.xctest */ = {isa = PBXFileReference; explicitFileType = wrapper.cfbundle; includeInIndex = 0; path = MBZBarcodeUITests.xctest; sourceTree = BUILT_PRODUCTS_DIR; };
		C4325A0B1E5EEF71005748F2 /* MBZBarcodeUITests.m */ = {isa = PBXFileReference; lastKnownFileType = sourcecode.c.objc; path = MBZBarcodeUITests.m; sourceTree = "<group>"; };
		C4325A0D1E5EEF71005748F2 /* Info.plist */ = {isa = PBXFileReference; lastKnownFileType = text.plist.xml; path = Info.plist; sourceTree = "<group>"; };
		C4325A1A1E5F0213005748F2 /* APIClientManager.h */ = {isa = PBXFileReference; fileEncoding = 4; lastKnownFileType = sourcecode.c.h; name = APIClientManager.h; path = Managers/APIClientManager.h; sourceTree = "<group>"; };
		C4325A1B1E5F0213005748F2 /* APIClientManager.m */ = {isa = PBXFileReference; fileEncoding = 4; lastKnownFileType = sourcecode.c.objc; name = APIClientManager.m; path = Managers/APIClientManager.m; sourceTree = "<group>"; };
		C4325A1E1E5F0368005748F2 /* MBZConstants.h */ = {isa = PBXFileReference; fileEncoding = 4; lastKnownFileType = sourcecode.c.h; path = MBZConstants.h; sourceTree = "<group>"; };
		C4325A201E5F03A1005748F2 /* NSDateFormatter+StaticInstance.h */ = {isa = PBXFileReference; fileEncoding = 4; lastKnownFileType = sourcecode.c.h; path = "NSDateFormatter+StaticInstance.h"; sourceTree = "<group>"; };
		C4325A211E5F03A1005748F2 /* NSDateFormatter+StaticInstance.m */ = {isa = PBXFileReference; fileEncoding = 4; lastKnownFileType = sourcecode.c.objc; path = "NSDateFormatter+StaticInstance.m"; sourceTree = "<group>"; };
		C4325A221E5F03A1005748F2 /* NSError+Localization.h */ = {isa = PBXFileReference; fileEncoding = 4; lastKnownFileType = sourcecode.c.h; path = "NSError+Localization.h"; sourceTree = "<group>"; };
		C4325A231E5F03A1005748F2 /* NSError+Localization.m */ = {isa = PBXFileReference; fileEncoding = 4; lastKnownFileType = sourcecode.c.objc; path = "NSError+Localization.m"; sourceTree = "<group>"; };
		C4325A241E5F03A1005748F2 /* NSObject+Cast.h */ = {isa = PBXFileReference; fileEncoding = 4; lastKnownFileType = sourcecode.c.h; path = "NSObject+Cast.h"; sourceTree = "<group>"; };
		C4325A251E5F03A1005748F2 /* NSObject+Cast.m */ = {isa = PBXFileReference; fileEncoding = 4; lastKnownFileType = sourcecode.c.objc; path = "NSObject+Cast.m"; sourceTree = "<group>"; };
		C4325A261E5F03A1005748F2 /* NSString+Additions.h */ = {isa = PBXFileReference; fileEncoding = 4; lastKnownFileType = sourcecode.c.h; path = "NSString+Additions.h"; sourceTree = "<group>"; };
		C4325A271E5F03A1005748F2 /* NSString+Additions.m */ = {isa = PBXFileReference; fileEncoding = 4; lastKnownFileType = sourcecode.c.objc; path = "NSString+Additions.m"; sourceTree = "<group>"; };
		C4325A281E5F03A1005748F2 /* SCLAlertView+Convenience.h */ = {isa = PBXFileReference; fileEncoding = 4; lastKnownFileType = sourcecode.c.h; path = "SCLAlertView+Convenience.h"; sourceTree = "<group>"; };
		C4325A291E5F03A1005748F2 /* SCLAlertView+Convenience.m */ = {isa = PBXFileReference; fileEncoding = 4; lastKnownFileType = sourcecode.c.objc; path = "SCLAlertView+Convenience.m"; sourceTree = "<group>"; };
		C4325A2A1E5F03A1005748F2 /* UIAlertController+Convenience.h */ = {isa = PBXFileReference; fileEncoding = 4; lastKnownFileType = sourcecode.c.h; path = "UIAlertController+Convenience.h"; sourceTree = "<group>"; };
		C4325A2B1E5F03A1005748F2 /* UIAlertController+Convenience.m */ = {isa = PBXFileReference; fileEncoding = 4; lastKnownFileType = sourcecode.c.objc; path = "UIAlertController+Convenience.m"; sourceTree = "<group>"; };
		C4325A2C1E5F03A1005748F2 /* UIButton+Format.h */ = {isa = PBXFileReference; fileEncoding = 4; lastKnownFileType = sourcecode.c.h; path = "UIButton+Format.h"; sourceTree = "<group>"; };
		C4325A2D1E5F03A1005748F2 /* UIButton+Format.m */ = {isa = PBXFileReference; fileEncoding = 4; lastKnownFileType = sourcecode.c.objc; path = "UIButton+Format.m"; sourceTree = "<group>"; };
		C4325A2E1E5F03A1005748F2 /* UIColor+More.h */ = {isa = PBXFileReference; fileEncoding = 4; lastKnownFileType = sourcecode.c.h; path = "UIColor+More.h"; sourceTree = "<group>"; };
		C4325A2F1E5F03A1005748F2 /* UIColor+More.m */ = {isa = PBXFileReference; fileEncoding = 4; lastKnownFileType = sourcecode.c.objc; path = "UIColor+More.m"; sourceTree = "<group>"; };
		C4325A301E5F03A1005748F2 /* UIFont+EcamFont.h */ = {isa = PBXFileReference; fileEncoding = 4; lastKnownFileType = sourcecode.c.h; path = "UIFont+EcamFont.h"; sourceTree = "<group>"; };
		C4325A311E5F03A1005748F2 /* UIFont+EcamFont.m */ = {isa = PBXFileReference; fileEncoding = 4; lastKnownFileType = sourcecode.c.objc; path = "UIFont+EcamFont.m"; sourceTree = "<group>"; };
		C4325A321E5F03A1005748F2 /* UILabel+Format.h */ = {isa = PBXFileReference; fileEncoding = 4; lastKnownFileType = sourcecode.c.h; path = "UILabel+Format.h"; sourceTree = "<group>"; };
		C4325A331E5F03A1005748F2 /* UILabel+Format.m */ = {isa = PBXFileReference; fileEncoding = 4; lastKnownFileType = sourcecode.c.objc; path = "UILabel+Format.m"; sourceTree = "<group>"; };
		C4325A341E5F03A1005748F2 /* UIView+Convenience.h */ = {isa = PBXFileReference; fileEncoding = 4; lastKnownFileType = sourcecode.c.h; path = "UIView+Convenience.h"; sourceTree = "<group>"; };
		C4325A351E5F03A1005748F2 /* UIView+Convenience.m */ = {isa = PBXFileReference; fileEncoding = 4; lastKnownFileType = sourcecode.c.objc; path = "UIView+Convenience.m"; sourceTree = "<group>"; };
		C4325A361E5F03A1005748F2 /* UIViewController+Additions.h */ = {isa = PBXFileReference; fileEncoding = 4; lastKnownFileType = sourcecode.c.h; path = "UIViewController+Additions.h"; sourceTree = "<group>"; };
		C4325A371E5F03A1005748F2 /* UIViewController+Additions.m */ = {isa = PBXFileReference; fileEncoding = 4; lastKnownFileType = sourcecode.c.objc; path = "UIViewController+Additions.m"; sourceTree = "<group>"; };
		C4325A511E5F0A06005748F2 /* Zones.h */ = {isa = PBXFileReference; fileEncoding = 4; lastKnownFileType = sourcecode.c.h; name = Zones.h; path = Objects/Zones.h; sourceTree = "<group>"; };
		C4325A521E5F0A06005748F2 /* Zones.m */ = {isa = PBXFileReference; fileEncoding = 4; lastKnownFileType = sourcecode.c.objc; name = Zones.m; path = Objects/Zones.m; sourceTree = "<group>"; };
		C4325A561E5F0AD5005748F2 /* MBZCache.h */ = {isa = PBXFileReference; fileEncoding = 4; lastKnownFileType = sourcecode.c.h; name = MBZCache.h; path = Utilities/MBZCache.h; sourceTree = "<group>"; };
		C4325A571E5F0AD5005748F2 /* MBZCache.m */ = {isa = PBXFileReference; fileEncoding = 4; lastKnownFileType = sourcecode.c.objc; name = MBZCache.m; path = Utilities/MBZCache.m; sourceTree = "<group>"; };
		C4325A5B1E5F0E29005748F2 /* BOWCountryCodeTableViewCell.h */ = {isa = PBXFileReference; fileEncoding = 4; lastKnownFileType = sourcecode.c.h; path = BOWCountryCodeTableViewCell.h; sourceTree = "<group>"; };
		C4325A5C1E5F0E29005748F2 /* BOWCountryCodeTableViewCell.m */ = {isa = PBXFileReference; fileEncoding = 4; lastKnownFileType = sourcecode.c.objc; path = BOWCountryCodeTableViewCell.m; sourceTree = "<group>"; };
		C4325A5D1E5F0E29005748F2 /* BOWCountryCodeTableViewCell.xib */ = {isa = PBXFileReference; fileEncoding = 4; lastKnownFileType = file.xib; path = BOWCountryCodeTableViewCell.xib; sourceTree = "<group>"; };
		C4325A631E5F0EF7005748F2 /* MBZFeedbackWorkshopListViewController.h */ = {isa = PBXFileReference; fileEncoding = 4; lastKnownFileType = sourcecode.c.h; path = MBZFeedbackWorkshopListViewController.h; sourceTree = "<group>"; };
		C4325A641E5F0EF7005748F2 /* MBZFeedbackWorkshopListViewController.m */ = {isa = PBXFileReference; fileEncoding = 4; lastKnownFileType = sourcecode.c.objc; path = MBZFeedbackWorkshopListViewController.m; sourceTree = "<group>"; };
		C4325A671E5F0F30005748F2 /* MBZTableViewCell.h */ = {isa = PBXFileReference; fileEncoding = 4; lastKnownFileType = sourcecode.c.h; path = MBZTableViewCell.h; sourceTree = "<group>"; };
		C4325A681E5F0F30005748F2 /* MBZTableViewCell.m */ = {isa = PBXFileReference; fileEncoding = 4; lastKnownFileType = sourcecode.c.objc; path = MBZTableViewCell.m; sourceTree = "<group>"; };
		C45A96781E6BF80600DAA02D /* GE_Dinar_Two_Light.otf */ = {isa = PBXFileReference; lastKnownFileType = file; path = GE_Dinar_Two_Light.otf; sourceTree = "<group>"; };
		C45A96791E6BF80600DAA02D /* GE_Dinar_Two_Medium.otf */ = {isa = PBXFileReference; lastKnownFileType = file; path = GE_Dinar_Two_Medium.otf; sourceTree = "<group>"; };
		C45A967A1E6BF80600DAA02D /* Seravek-Bold.otf */ = {isa = PBXFileReference; lastKnownFileType = file; path = "Seravek-Bold.otf"; sourceTree = "<group>"; };
		C45A967B1E6BF80600DAA02D /* Seravek-BoldItalic.otf */ = {isa = PBXFileReference; lastKnownFileType = file; path = "Seravek-BoldItalic.otf"; sourceTree = "<group>"; };
		C45A967C1E6BF80600DAA02D /* Seravek-ExtraLight.otf */ = {isa = PBXFileReference; lastKnownFileType = file; path = "Seravek-ExtraLight.otf"; sourceTree = "<group>"; };
		C45A967D1E6BF80600DAA02D /* Seravek-ExtraLightItalic.otf */ = {isa = PBXFileReference; lastKnownFileType = file; path = "Seravek-ExtraLightItalic.otf"; sourceTree = "<group>"; };
		C45A967E1E6BF80600DAA02D /* Seravek-Italic.otf */ = {isa = PBXFileReference; lastKnownFileType = file; path = "Seravek-Italic.otf"; sourceTree = "<group>"; };
		C45A967F1E6BF80600DAA02D /* Seravek-Light.otf */ = {isa = PBXFileReference; lastKnownFileType = file; path = "Seravek-Light.otf"; sourceTree = "<group>"; };
		C45A96801E6BF80600DAA02D /* Seravek-LightItalic.otf */ = {isa = PBXFileReference; lastKnownFileType = file; path = "Seravek-LightItalic.otf"; sourceTree = "<group>"; };
		C45A96811E6BF80600DAA02D /* Seravek-Medium.otf */ = {isa = PBXFileReference; lastKnownFileType = file; path = "Seravek-Medium.otf"; sourceTree = "<group>"; };
		C45A96821E6BF80600DAA02D /* Seravek-MediumItalic.otf */ = {isa = PBXFileReference; lastKnownFileType = file; path = "Seravek-MediumItalic.otf"; sourceTree = "<group>"; };
		C45A96831E6BF80600DAA02D /* Seravek.otf */ = {isa = PBXFileReference; lastKnownFileType = file; path = Seravek.otf; sourceTree = "<group>"; };
		C4766BCD1E6C28B900F65CF2 /* BarCode.h */ = {isa = PBXFileReference; fileEncoding = 4; lastKnownFileType = sourcecode.c.h; name = BarCode.h; path = Objects/BarCode.h; sourceTree = "<group>"; };
		C4766BCE1E6C28B900F65CF2 /* BarCode.m */ = {isa = PBXFileReference; fileEncoding = 4; lastKnownFileType = sourcecode.c.objc; name = BarCode.m; path = Objects/BarCode.m; sourceTree = "<group>"; };
		C4766BD21E6C370200F65CF2 /* Reachability.h */ = {isa = PBXFileReference; fileEncoding = 4; lastKnownFileType = sourcecode.c.h; path = Reachability.h; sourceTree = "<group>"; };
		C4766BD31E6C370200F65CF2 /* Reachability.m */ = {isa = PBXFileReference; fileEncoding = 4; lastKnownFileType = sourcecode.c.objc; path = Reachability.m; sourceTree = "<group>"; };
		C4766BD71E6C3C4600F65CF2 /* Fabric.framework */ = {isa = PBXFileReference; lastKnownFileType = wrapper.framework; path = Fabric.framework; sourceTree = "<group>"; };
		C4766BD81E6C3C4600F65CF2 /* Crashlytics.framework */ = {isa = PBXFileReference; lastKnownFileType = wrapper.framework; path = Crashlytics.framework; sourceTree = "<group>"; };
/* End PBXFileReference section */

/* Begin PBXFrameworksBuildPhase section */
		C43259E01E5EEF71005748F2 /* Frameworks */ = {
			isa = PBXFrameworksBuildPhase;
			buildActionMask = 2147483647;
			files = (
				ACA26B78EAE51A28D5CAA6EC /* Pods_MBZBarcode.framework in Frameworks */,
				C4766BDB1E6C3C4600F65CF2 /* Crashlytics.framework in Frameworks */,
				C4766BD91E6C3C4600F65CF2 /* Fabric.framework in Frameworks */,
			);
			runOnlyForDeploymentPostprocessing = 0;
		};
		C43259F91E5EEF71005748F2 /* Frameworks */ = {
			isa = PBXFrameworksBuildPhase;
			buildActionMask = 2147483647;
			files = (
				C4766BDC1E6C3C4600F65CF2 /* Crashlytics.framework in Frameworks */,
				C4766BDA1E6C3C4600F65CF2 /* Fabric.framework in Frameworks */,
			);
			runOnlyForDeploymentPostprocessing = 0;
		};
		C4325A041E5EEF71005748F2 /* Frameworks */ = {
			isa = PBXFrameworksBuildPhase;
			buildActionMask = 2147483647;
			files = (
			);
			runOnlyForDeploymentPostprocessing = 0;
		};
/* End PBXFrameworksBuildPhase section */

/* Begin PBXGroup section */
		8A3105004C841452E7A67ACA /* Frameworks */ = {
			isa = PBXGroup;
			children = (
				B82AE508CCDB8ECC7DACEDC9 /* Pods_MBZBarcode.framework */,
			);
			name = Frameworks;
			sourceTree = "<group>";
		};
		C43259DA1E5EEF70005748F2 = {
			isa = PBXGroup;
			children = (
				C43259E51E5EEF71005748F2 /* MBZBarcode */,
				C43259FF1E5EEF71005748F2 /* MBZBarcodeTests */,
				C4325A0A1E5EEF71005748F2 /* MBZBarcodeUITests */,
				C43259E41E5EEF71005748F2 /* Products */,
				D9C1F052A3F61FE19ADE42B4 /* Pods */,
				8A3105004C841452E7A67ACA /* Frameworks */,
			);
			sourceTree = "<group>";
		};
		C43259E41E5EEF71005748F2 /* Products */ = {
			isa = PBXGroup;
			children = (
				C43259E31E5EEF71005748F2 /* MBZBarcode.app */,
				C43259FC1E5EEF71005748F2 /* MBZBarcodeTests.xctest */,
				C4325A071E5EEF71005748F2 /* MBZBarcodeUITests.xctest */,
			);
			name = Products;
			sourceTree = "<group>";
		};
		C43259E51E5EEF71005748F2 /* MBZBarcode */ = {
			isa = PBXGroup;
			children = (
				C4325A621E5F0EEC005748F2 /* Custom */,
				C4325A551E5F0ABB005748F2 /* Utilities */,
				C4325A501E5F09E9005748F2 /* Objects */,
				C4325A1F1E5F03A1005748F2 /* Categories */,
				C4325A1D1E5F0347005748F2 /* Resources */,
				C4325A191E5F01E6005748F2 /* Managers */,
				C43259E91E5EEF71005748F2 /* AppDelegate.h */,
				C43259EA1E5EEF71005748F2 /* AppDelegate.m */,
				C43259EC1E5EEF71005748F2 /* ViewController.h */,
				C43259ED1E5EEF71005748F2 /* ViewController.m */,
				C43259EF1E5EEF71005748F2 /* Main.storyboard */,
				C43259F21E5EEF71005748F2 /* Assets.xcassets */,
				C43259F41E5EEF71005748F2 /* LaunchScreen.storyboard */,
				C43259F71E5EEF71005748F2 /* Info.plist */,
				C43259E61E5EEF71005748F2 /* Supporting Files */,
			);
			path = MBZBarcode;
			sourceTree = "<group>";
		};
		C43259E61E5EEF71005748F2 /* Supporting Files */ = {
			isa = PBXGroup;
			children = (
				C43259E71E5EEF71005748F2 /* main.m */,
			);
			name = "Supporting Files";
			sourceTree = "<group>";
		};
		C43259FF1E5EEF71005748F2 /* MBZBarcodeTests */ = {
			isa = PBXGroup;
			children = (
				C4325A001E5EEF71005748F2 /* MBZBarcodeTests.m */,
				C4325A021E5EEF71005748F2 /* Info.plist */,
			);
			path = MBZBarcodeTests;
			sourceTree = "<group>";
		};
		C4325A0A1E5EEF71005748F2 /* MBZBarcodeUITests */ = {
			isa = PBXGroup;
			children = (
				C4325A0B1E5EEF71005748F2 /* MBZBarcodeUITests.m */,
				C4325A0D1E5EEF71005748F2 /* Info.plist */,
			);
			path = MBZBarcodeUITests;
			sourceTree = "<group>";
		};
		C4325A191E5F01E6005748F2 /* Managers */ = {
			isa = PBXGroup;
			children = (
				C4766BD11E6C370200F65CF2 /* Reachability */,
				C4325A1A1E5F0213005748F2 /* APIClientManager.h */,
				C4325A1B1E5F0213005748F2 /* APIClientManager.m */,
				C4766BD71E6C3C4600F65CF2 /* Fabric.framework */,
				C4766BD81E6C3C4600F65CF2 /* Crashlytics.framework */,
			);
			name = Managers;
			sourceTree = "<group>";
		};
		C4325A1D1E5F0347005748F2 /* Resources */ = {
			isa = PBXGroup;
			children = (
				C45A96771E6BF80600DAA02D /* Fonts */,
				C42B1A781E6BEE6C001C211C /* beep.wav */,
				C4325A1E1E5F0368005748F2 /* MBZConstants.h */,
			);
			name = Resources;
			sourceTree = "<group>";
		};
		C4325A1F1E5F03A1005748F2 /* Categories */ = {
			isa = PBXGroup;
			children = (
				C4325A201E5F03A1005748F2 /* NSDateFormatter+StaticInstance.h */,
				C4325A211E5F03A1005748F2 /* NSDateFormatter+StaticInstance.m */,
				C4325A221E5F03A1005748F2 /* NSError+Localization.h */,
				C4325A231E5F03A1005748F2 /* NSError+Localization.m */,
				C4325A241E5F03A1005748F2 /* NSObject+Cast.h */,
				C4325A251E5F03A1005748F2 /* NSObject+Cast.m */,
				C4325A261E5F03A1005748F2 /* NSString+Additions.h */,
				C4325A271E5F03A1005748F2 /* NSString+Additions.m */,
				C4325A281E5F03A1005748F2 /* SCLAlertView+Convenience.h */,
				C4325A291E5F03A1005748F2 /* SCLAlertView+Convenience.m */,
				C4325A2A1E5F03A1005748F2 /* UIAlertController+Convenience.h */,
				C4325A2B1E5F03A1005748F2 /* UIAlertController+Convenience.m */,
				C4325A2C1E5F03A1005748F2 /* UIButton+Format.h */,
				C4325A2D1E5F03A1005748F2 /* UIButton+Format.m */,
				C4325A2E1E5F03A1005748F2 /* UIColor+More.h */,
				C4325A2F1E5F03A1005748F2 /* UIColor+More.m */,
				C4325A301E5F03A1005748F2 /* UIFont+EcamFont.h */,
				C4325A311E5F03A1005748F2 /* UIFont+EcamFont.m */,
				C4325A321E5F03A1005748F2 /* UILabel+Format.h */,
				C4325A331E5F03A1005748F2 /* UILabel+Format.m */,
				C4325A341E5F03A1005748F2 /* UIView+Convenience.h */,
				C4325A351E5F03A1005748F2 /* UIView+Convenience.m */,
				C4325A361E5F03A1005748F2 /* UIViewController+Additions.h */,
				C4325A371E5F03A1005748F2 /* UIViewController+Additions.m */,
			);
			path = Categories;
			sourceTree = "<group>";
		};
		C4325A501E5F09E9005748F2 /* Objects */ = {
			isa = PBXGroup;
			children = (
				C4325A511E5F0A06005748F2 /* Zones.h */,
				C4325A521E5F0A06005748F2 /* Zones.m */,
				C4766BCD1E6C28B900F65CF2 /* BarCode.h */,
				C4766BCE1E6C28B900F65CF2 /* BarCode.m */,
			);
			name = Objects;
			sourceTree = "<group>";
		};
		C4325A551E5F0ABB005748F2 /* Utilities */ = {
			isa = PBXGroup;
			children = (
				C4325A561E5F0AD5005748F2 /* MBZCache.h */,
				C4325A571E5F0AD5005748F2 /* MBZCache.m */,
			);
			name = Utilities;
			sourceTree = "<group>";
		};
		C4325A5A1E5F0E29005748F2 /* ModalSelector */ = {
			isa = PBXGroup;
			children = (
				C4325A5B1E5F0E29005748F2 /* BOWCountryCodeTableViewCell.h */,
				C4325A5C1E5F0E29005748F2 /* BOWCountryCodeTableViewCell.m */,
				C4325A5D1E5F0E29005748F2 /* BOWCountryCodeTableViewCell.xib */,
			);
			path = ModalSelector;
			sourceTree = "<group>";
		};
		C4325A621E5F0EEC005748F2 /* Custom */ = {
			isa = PBXGroup;
			children = (
				C4325A5A1E5F0E29005748F2 /* ModalSelector */,
				C4325A671E5F0F30005748F2 /* MBZTableViewCell.h */,
				C4325A681E5F0F30005748F2 /* MBZTableViewCell.m */,
				C4325A631E5F0EF7005748F2 /* MBZFeedbackWorkshopListViewController.h */,
				C4325A641E5F0EF7005748F2 /* MBZFeedbackWorkshopListViewController.m */,
			);
			name = Custom;
			sourceTree = "<group>";
		};
		C45A96771E6BF80600DAA02D /* Fonts */ = {
			isa = PBXGroup;
			children = (
				C45A96781E6BF80600DAA02D /* GE_Dinar_Two_Light.otf */,
				C45A96791E6BF80600DAA02D /* GE_Dinar_Two_Medium.otf */,
				C45A967A1E6BF80600DAA02D /* Seravek-Bold.otf */,
				C45A967B1E6BF80600DAA02D /* Seravek-BoldItalic.otf */,
				C45A967C1E6BF80600DAA02D /* Seravek-ExtraLight.otf */,
				C45A967D1E6BF80600DAA02D /* Seravek-ExtraLightItalic.otf */,
				C45A967E1E6BF80600DAA02D /* Seravek-Italic.otf */,
				C45A967F1E6BF80600DAA02D /* Seravek-Light.otf */,
				C45A96801E6BF80600DAA02D /* Seravek-LightItalic.otf */,
				C45A96811E6BF80600DAA02D /* Seravek-Medium.otf */,
				C45A96821E6BF80600DAA02D /* Seravek-MediumItalic.otf */,
				C45A96831E6BF80600DAA02D /* Seravek.otf */,
			);
			path = Fonts;
			sourceTree = "<group>";
		};
		C4766BD11E6C370200F65CF2 /* Reachability */ = {
			isa = PBXGroup;
			children = (
				C4766BD21E6C370200F65CF2 /* Reachability.h */,
				C4766BD31E6C370200F65CF2 /* Reachability.m */,
			);
			name = Reachability;
			path = Managers/Reachability;
			sourceTree = "<group>";
		};
		D9C1F052A3F61FE19ADE42B4 /* Pods */ = {
			isa = PBXGroup;
			children = (
				92EC5574F232BCD76890DD8C /* Pods-MBZBarcode.debug.xcconfig */,
				849422FEFA0335B2F40F90B4 /* Pods-MBZBarcode.release.xcconfig */,
			);
			name = Pods;
			sourceTree = "<group>";
		};
/* End PBXGroup section */

/* Begin PBXNativeTarget section */
		C43259E21E5EEF71005748F2 /* MBZBarcode */ = {
			isa = PBXNativeTarget;
			buildConfigurationList = C4325A101E5EEF71005748F2 /* Build configuration list for PBXNativeTarget "MBZBarcode" */;
			buildPhases = (
				37E6CAA622C9B8D4D42B63FC /* [CP] Check Pods Manifest.lock */,
				C43259DF1E5EEF71005748F2 /* Sources */,
				C43259E01E5EEF71005748F2 /* Frameworks */,
				C43259E11E5EEF71005748F2 /* Resources */,
				F46F6333EC9377FAC191B931 /* [CP] Embed Pods Frameworks */,
				C4286FBEE102DEF540305E30 /* [CP] Copy Pods Resources */,
				C4766BD61E6C3C1C00F65CF2 /* ShellScript */,
			);
			buildRules = (
			);
			dependencies = (
			);
			name = MBZBarcode;
			productName = MBZBarcode;
			productReference = C43259E31E5EEF71005748F2 /* MBZBarcode.app */;
			productType = "com.apple.product-type.application";
		};
		C43259FB1E5EEF71005748F2 /* MBZBarcodeTests */ = {
			isa = PBXNativeTarget;
			buildConfigurationList = C4325A131E5EEF71005748F2 /* Build configuration list for PBXNativeTarget "MBZBarcodeTests" */;
			buildPhases = (
				C43259F81E5EEF71005748F2 /* Sources */,
				C43259F91E5EEF71005748F2 /* Frameworks */,
				C43259FA1E5EEF71005748F2 /* Resources */,
			);
			buildRules = (
			);
			dependencies = (
				C43259FE1E5EEF71005748F2 /* PBXTargetDependency */,
			);
			name = MBZBarcodeTests;
			productName = MBZBarcodeTests;
			productReference = C43259FC1E5EEF71005748F2 /* MBZBarcodeTests.xctest */;
			productType = "com.apple.product-type.bundle.unit-test";
		};
		C4325A061E5EEF71005748F2 /* MBZBarcodeUITests */ = {
			isa = PBXNativeTarget;
			buildConfigurationList = C4325A161E5EEF71005748F2 /* Build configuration list for PBXNativeTarget "MBZBarcodeUITests" */;
			buildPhases = (
				C4325A031E5EEF71005748F2 /* Sources */,
				C4325A041E5EEF71005748F2 /* Frameworks */,
				C4325A051E5EEF71005748F2 /* Resources */,
			);
			buildRules = (
			);
			dependencies = (
				C4325A091E5EEF71005748F2 /* PBXTargetDependency */,
			);
			name = MBZBarcodeUITests;
			productName = MBZBarcodeUITests;
			productReference = C4325A071E5EEF71005748F2 /* MBZBarcodeUITests.xctest */;
			productType = "com.apple.product-type.bundle.ui-testing";
		};
/* End PBXNativeTarget section */

/* Begin PBXProject section */
		C43259DB1E5EEF70005748F2 /* Project object */ = {
			isa = PBXProject;
			attributes = {
				LastUpgradeCheck = 0820;
				ORGANIZATIONNAME = "Michael Ugale";
				TargetAttributes = {
					C43259E21E5EEF71005748F2 = {
						CreatedOnToolsVersion = 8.2.1;
						DevelopmentTeam = 42Y678JU64;
						ProvisioningStyle = Manual;
					};
					C43259FB1E5EEF71005748F2 = {
						CreatedOnToolsVersion = 8.2.1;
						ProvisioningStyle = Automatic;
						TestTargetID = C43259E21E5EEF71005748F2;
					};
					C4325A061E5EEF71005748F2 = {
						CreatedOnToolsVersion = 8.2.1;
						ProvisioningStyle = Automatic;
						TestTargetID = C43259E21E5EEF71005748F2;
					};
				};
			};
			buildConfigurationList = C43259DE1E5EEF70005748F2 /* Build configuration list for PBXProject "MBZBarcode" */;
			compatibilityVersion = "Xcode 3.2";
			developmentRegion = English;
			hasScannedForEncodings = 0;
			knownRegions = (
				en,
				Base,
			);
			mainGroup = C43259DA1E5EEF70005748F2;
			productRefGroup = C43259E41E5EEF71005748F2 /* Products */;
			projectDirPath = "";
			projectRoot = "";
			targets = (
				C43259E21E5EEF71005748F2 /* MBZBarcode */,
				C43259FB1E5EEF71005748F2 /* MBZBarcodeTests */,
				C4325A061E5EEF71005748F2 /* MBZBarcodeUITests */,
			);
		};
/* End PBXProject section */

/* Begin PBXResourcesBuildPhase section */
		C43259E11E5EEF71005748F2 /* Resources */ = {
			isa = PBXResourcesBuildPhase;
			buildActionMask = 2147483647;
			files = (
				C42B1A791E6BEE6C001C211C /* beep.wav in Resources */,
				C43259F61E5EEF71005748F2 /* LaunchScreen.storyboard in Resources */,
				C45A968E1E6BF80600DAA02D /* Seravek-ExtraLightItalic.otf in Resources */,
				C45A96841E6BF80600DAA02D /* GE_Dinar_Two_Light.otf in Resources */,
				C45A96981E6BF80600DAA02D /* Seravek-MediumItalic.otf in Resources */,
				C45A96941E6BF80600DAA02D /* Seravek-LightItalic.otf in Resources */,
				C45A968C1E6BF80600DAA02D /* Seravek-ExtraLight.otf in Resources */,
				C45A96921E6BF80600DAA02D /* Seravek-Light.otf in Resources */,
				C43259F31E5EEF71005748F2 /* Assets.xcassets in Resources */,
				C4325A601E5F0E29005748F2 /* BOWCountryCodeTableViewCell.xib in Resources */,
				C45A96861E6BF80600DAA02D /* GE_Dinar_Two_Medium.otf in Resources */,
				C45A96881E6BF80600DAA02D /* Seravek-Bold.otf in Resources */,
				C45A969A1E6BF80600DAA02D /* Seravek.otf in Resources */,
				C45A96901E6BF80600DAA02D /* Seravek-Italic.otf in Resources */,
				C45A96961E6BF80600DAA02D /* Seravek-Medium.otf in Resources */,
				C45A968A1E6BF80600DAA02D /* Seravek-BoldItalic.otf in Resources */,
				C43259F11E5EEF71005748F2 /* Main.storyboard in Resources */,
			);
			runOnlyForDeploymentPostprocessing = 0;
		};
		C43259FA1E5EEF71005748F2 /* Resources */ = {
			isa = PBXResourcesBuildPhase;
			buildActionMask = 2147483647;
			files = (
				C45A96991E6BF80600DAA02D /* Seravek-MediumItalic.otf in Resources */,
				C45A96971E6BF80600DAA02D /* Seravek-Medium.otf in Resources */,
				C45A96951E6BF80600DAA02D /* Seravek-LightItalic.otf in Resources */,
				C45A96911E6BF80600DAA02D /* Seravek-Italic.otf in Resources */,
				C45A96871E6BF80600DAA02D /* GE_Dinar_Two_Medium.otf in Resources */,
				C45A968D1E6BF80600DAA02D /* Seravek-ExtraLight.otf in Resources */,
				C42B1A7A1E6BEE6C001C211C /* beep.wav in Resources */,
				C45A96931E6BF80600DAA02D /* Seravek-Light.otf in Resources */,
				C45A968F1E6BF80600DAA02D /* Seravek-ExtraLightItalic.otf in Resources */,
				C45A969B1E6BF80600DAA02D /* Seravek.otf in Resources */,
				C4325A611E5F0E29005748F2 /* BOWCountryCodeTableViewCell.xib in Resources */,
				C45A96891E6BF80600DAA02D /* Seravek-Bold.otf in Resources */,
				C45A968B1E6BF80600DAA02D /* Seravek-BoldItalic.otf in Resources */,
				C45A96851E6BF80600DAA02D /* GE_Dinar_Two_Light.otf in Resources */,
			);
			runOnlyForDeploymentPostprocessing = 0;
		};
		C4325A051E5EEF71005748F2 /* Resources */ = {
			isa = PBXResourcesBuildPhase;
			buildActionMask = 2147483647;
			files = (
			);
			runOnlyForDeploymentPostprocessing = 0;
		};
/* End PBXResourcesBuildPhase section */

/* Begin PBXShellScriptBuildPhase section */
		37E6CAA622C9B8D4D42B63FC /* [CP] Check Pods Manifest.lock */ = {
			isa = PBXShellScriptBuildPhase;
			buildActionMask = 2147483647;
			files = (
			);
			inputPaths = (
			);
			name = "[CP] Check Pods Manifest.lock";
			outputPaths = (
			);
			runOnlyForDeploymentPostprocessing = 0;
			shellPath = /bin/sh;
			shellScript = "diff \"${PODS_ROOT}/../Podfile.lock\" \"${PODS_ROOT}/Manifest.lock\" > /dev/null\nif [ $? != 0 ] ; then\n    # print error to STDERR\n    echo \"error: The sandbox is not in sync with the Podfile.lock. Run 'pod install' or update your CocoaPods installation.\" >&2\n    exit 1\nfi\n";
			showEnvVarsInLog = 0;
		};
		C4286FBEE102DEF540305E30 /* [CP] Copy Pods Resources */ = {
			isa = PBXShellScriptBuildPhase;
			buildActionMask = 2147483647;
			files = (
			);
			inputPaths = (
			);
			name = "[CP] Copy Pods Resources";
			outputPaths = (
			);
			runOnlyForDeploymentPostprocessing = 0;
			shellPath = /bin/sh;
			shellScript = "\"${SRCROOT}/Pods/Target Support Files/Pods-MBZBarcode/Pods-MBZBarcode-resources.sh\"\n";
			showEnvVarsInLog = 0;
		};
		C4766BD61E6C3C1C00F65CF2 /* ShellScript */ = {
			isa = PBXShellScriptBuildPhase;
			buildActionMask = 2147483647;
			files = (
			);
			inputPaths = (
			);
			outputPaths = (
			);
			runOnlyForDeploymentPostprocessing = 0;
			shellPath = /bin/sh;
			shellScript = "./Fabric.framework/run 0c2229de171a9f9c4234bf64802a19b08761da37 fac49f20a1e9d81a33edd62b53c37368b20d14c50c8defc451c3b8f3c18223f6";
		};
		F46F6333EC9377FAC191B931 /* [CP] Embed Pods Frameworks */ = {
			isa = PBXShellScriptBuildPhase;
			buildActionMask = 2147483647;
			files = (
			);
			inputPaths = (
			);
			name = "[CP] Embed Pods Frameworks";
			outputPaths = (
			);
			runOnlyForDeploymentPostprocessing = 0;
			shellPath = /bin/sh;
			shellScript = "\"${SRCROOT}/Pods/Target Support Files/Pods-MBZBarcode/Pods-MBZBarcode-frameworks.sh\"\n";
			showEnvVarsInLog = 0;
		};
/* End PBXShellScriptBuildPhase section */

/* Begin PBXSourcesBuildPhase section */
		C43259DF1E5EEF71005748F2 /* Sources */ = {
			isa = PBXSourcesBuildPhase;
			buildActionMask = 2147483647;
			files = (
				C4325A3C1E5F03A1005748F2 /* NSObject+Cast.m in Sources */,
				C4325A691E5F0F30005748F2 /* MBZTableViewCell.m in Sources */,
				C4325A3E1E5F03A1005748F2 /* NSString+Additions.m in Sources */,
				C4325A581E5F0AD5005748F2 /* MBZCache.m in Sources */,
				C43259EE1E5EEF71005748F2 /* ViewController.m in Sources */,
				C4325A651E5F0EF7005748F2 /* MBZFeedbackWorkshopListViewController.m in Sources */,
				C4766BCF1E6C28B900F65CF2 /* BarCode.m in Sources */,
				C4325A531E5F0A06005748F2 /* Zones.m in Sources */,
				C4325A1C1E5F0213005748F2 /* APIClientManager.m in Sources */,
				C4325A441E5F03A1005748F2 /* UIButton+Format.m in Sources */,
				C4325A481E5F03A1005748F2 /* UIFont+EcamFont.m in Sources */,
				C4325A4C1E5F03A1005748F2 /* UIView+Convenience.m in Sources */,
				C43259EB1E5EEF71005748F2 /* AppDelegate.m in Sources */,
				C4325A5E1E5F0E29005748F2 /* BOWCountryCodeTableViewCell.m in Sources */,
				C4325A381E5F03A1005748F2 /* NSDateFormatter+StaticInstance.m in Sources */,
				C4325A3A1E5F03A1005748F2 /* NSError+Localization.m in Sources */,
				C4325A461E5F03A1005748F2 /* UIColor+More.m in Sources */,
				C4766BD41E6C370200F65CF2 /* Reachability.m in Sources */,
				C4325A401E5F03A1005748F2 /* SCLAlertView+Convenience.m in Sources */,
				C4325A4A1E5F03A1005748F2 /* UILabel+Format.m in Sources */,
				C4325A421E5F03A1005748F2 /* UIAlertController+Convenience.m in Sources */,
				C4325A4E1E5F03A1005748F2 /* UIViewController+Additions.m in Sources */,
				C43259E81E5EEF71005748F2 /* main.m in Sources */,
			);
			runOnlyForDeploymentPostprocessing = 0;
		};
		C43259F81E5EEF71005748F2 /* Sources */ = {
			isa = PBXSourcesBuildPhase;
			buildActionMask = 2147483647;
			files = (
				C4766BD01E6C28B900F65CF2 /* BarCode.m in Sources */,
				C4325A4D1E5F03A1005748F2 /* UIView+Convenience.m in Sources */,
				C4325A6A1E5F0F30005748F2 /* MBZTableViewCell.m in Sources */,
				C4325A3D1E5F03A1005748F2 /* NSObject+Cast.m in Sources */,
				C4325A5F1E5F0E29005748F2 /* BOWCountryCodeTableViewCell.m in Sources */,
				C4325A391E5F03A1005748F2 /* NSDateFormatter+StaticInstance.m in Sources */,
				C4325A471E5F03A1005748F2 /* UIColor+More.m in Sources */,
				C4325A451E5F03A1005748F2 /* UIButton+Format.m in Sources */,
				C4325A541E5F0A06005748F2 /* Zones.m in Sources */,
				C4325A3B1E5F03A1005748F2 /* NSError+Localization.m in Sources */,
				C4325A3F1E5F03A1005748F2 /* NSString+Additions.m in Sources */,
				C4325A591E5F0AD5005748F2 /* MBZCache.m in Sources */,
				C4325A411E5F03A1005748F2 /* SCLAlertView+Convenience.m in Sources */,
				C4325A011E5EEF71005748F2 /* MBZBarcodeTests.m in Sources */,
				C4766BD51E6C370200F65CF2 /* Reachability.m in Sources */,
				C4325A431E5F03A1005748F2 /* UIAlertController+Convenience.m in Sources */,
				C4325A661E5F0EF7005748F2 /* MBZFeedbackWorkshopListViewController.m in Sources */,
				C4325A4F1E5F03A1005748F2 /* UIViewController+Additions.m in Sources */,
				C4325A4B1E5F03A1005748F2 /* UILabel+Format.m in Sources */,
				C4325A491E5F03A1005748F2 /* UIFont+EcamFont.m in Sources */,
			);
			runOnlyForDeploymentPostprocessing = 0;
		};
		C4325A031E5EEF71005748F2 /* Sources */ = {
			isa = PBXSourcesBuildPhase;
			buildActionMask = 2147483647;
			files = (
				C4325A0C1E5EEF71005748F2 /* MBZBarcodeUITests.m in Sources */,
			);
			runOnlyForDeploymentPostprocessing = 0;
		};
/* End PBXSourcesBuildPhase section */

/* Begin PBXTargetDependency section */
		C43259FE1E5EEF71005748F2 /* PBXTargetDependency */ = {
			isa = PBXTargetDependency;
			target = C43259E21E5EEF71005748F2 /* MBZBarcode */;
			targetProxy = C43259FD1E5EEF71005748F2 /* PBXContainerItemProxy */;
		};
		C4325A091E5EEF71005748F2 /* PBXTargetDependency */ = {
			isa = PBXTargetDependency;
			target = C43259E21E5EEF71005748F2 /* MBZBarcode */;
			targetProxy = C4325A081E5EEF71005748F2 /* PBXContainerItemProxy */;
		};
/* End PBXTargetDependency section */

/* Begin PBXVariantGroup section */
		C43259EF1E5EEF71005748F2 /* Main.storyboard */ = {
			isa = PBXVariantGroup;
			children = (
				C43259F01E5EEF71005748F2 /* Base */,
			);
			name = Main.storyboard;
			sourceTree = "<group>";
		};
		C43259F41E5EEF71005748F2 /* LaunchScreen.storyboard */ = {
			isa = PBXVariantGroup;
			children = (
				C43259F51E5EEF71005748F2 /* Base */,
			);
			name = LaunchScreen.storyboard;
			sourceTree = "<group>";
		};
/* End PBXVariantGroup section */

/* Begin XCBuildConfiguration section */
		C4325A0E1E5EEF71005748F2 /* Debug */ = {
			isa = XCBuildConfiguration;
			buildSettings = {
				ALWAYS_SEARCH_USER_PATHS = NO;
				CLANG_ANALYZER_NONNULL = YES;
				CLANG_CXX_LANGUAGE_STANDARD = "gnu++0x";
				CLANG_CXX_LIBRARY = "libc++";
				CLANG_ENABLE_MODULES = YES;
				CLANG_ENABLE_OBJC_ARC = YES;
				CLANG_WARN_BOOL_CONVERSION = YES;
				CLANG_WARN_CONSTANT_CONVERSION = YES;
				CLANG_WARN_DIRECT_OBJC_ISA_USAGE = YES_ERROR;
				CLANG_WARN_DOCUMENTATION_COMMENTS = YES;
				CLANG_WARN_EMPTY_BODY = YES;
				CLANG_WARN_ENUM_CONVERSION = YES;
				CLANG_WARN_INFINITE_RECURSION = YES;
				CLANG_WARN_INT_CONVERSION = YES;
				CLANG_WARN_OBJC_ROOT_CLASS = YES_ERROR;
				CLANG_WARN_SUSPICIOUS_MOVE = YES;
				CLANG_WARN_UNREACHABLE_CODE = YES;
				CLANG_WARN__DUPLICATE_METHOD_MATCH = YES;
				"CODE_SIGN_IDENTITY[sdk=iphoneos*]" = "iPhone Developer";
				COPY_PHASE_STRIP = NO;
				DEBUG_INFORMATION_FORMAT = dwarf;
				ENABLE_STRICT_OBJC_MSGSEND = YES;
				ENABLE_TESTABILITY = YES;
				GCC_C_LANGUAGE_STANDARD = gnu99;
				GCC_DYNAMIC_NO_PIC = NO;
				GCC_NO_COMMON_BLOCKS = YES;
				GCC_OPTIMIZATION_LEVEL = 0;
				GCC_PREPROCESSOR_DEFINITIONS = (
					"DEBUG=1",
					"$(inherited)",
				);
				GCC_WARN_64_TO_32_BIT_CONVERSION = YES;
				GCC_WARN_ABOUT_RETURN_TYPE = YES_ERROR;
				GCC_WARN_UNDECLARED_SELECTOR = YES;
				GCC_WARN_UNINITIALIZED_AUTOS = YES_AGGRESSIVE;
				GCC_WARN_UNUSED_FUNCTION = YES;
				GCC_WARN_UNUSED_VARIABLE = YES;
				IPHONEOS_DEPLOYMENT_TARGET = 10.2;
				MTL_ENABLE_DEBUG_INFO = YES;
				ONLY_ACTIVE_ARCH = YES;
				SDKROOT = iphoneos;
				TARGETED_DEVICE_FAMILY = "1,2";
			};
			name = Debug;
		};
		C4325A0F1E5EEF71005748F2 /* Release */ = {
			isa = XCBuildConfiguration;
			buildSettings = {
				ALWAYS_SEARCH_USER_PATHS = NO;
				CLANG_ANALYZER_NONNULL = YES;
				CLANG_CXX_LANGUAGE_STANDARD = "gnu++0x";
				CLANG_CXX_LIBRARY = "libc++";
				CLANG_ENABLE_MODULES = YES;
				CLANG_ENABLE_OBJC_ARC = YES;
				CLANG_WARN_BOOL_CONVERSION = YES;
				CLANG_WARN_CONSTANT_CONVERSION = YES;
				CLANG_WARN_DIRECT_OBJC_ISA_USAGE = YES_ERROR;
				CLANG_WARN_DOCUMENTATION_COMMENTS = YES;
				CLANG_WARN_EMPTY_BODY = YES;
				CLANG_WARN_ENUM_CONVERSION = YES;
				CLANG_WARN_INFINITE_RECURSION = YES;
				CLANG_WARN_INT_CONVERSION = YES;
				CLANG_WARN_OBJC_ROOT_CLASS = YES_ERROR;
				CLANG_WARN_SUSPICIOUS_MOVE = YES;
				CLANG_WARN_UNREACHABLE_CODE = YES;
				CLANG_WARN__DUPLICATE_METHOD_MATCH = YES;
				"CODE_SIGN_IDENTITY[sdk=iphoneos*]" = "iPhone Developer";
				COPY_PHASE_STRIP = NO;
				DEBUG_INFORMATION_FORMAT = "dwarf-with-dsym";
				ENABLE_NS_ASSERTIONS = NO;
				ENABLE_STRICT_OBJC_MSGSEND = YES;
				GCC_C_LANGUAGE_STANDARD = gnu99;
				GCC_NO_COMMON_BLOCKS = YES;
				GCC_WARN_64_TO_32_BIT_CONVERSION = YES;
				GCC_WARN_ABOUT_RETURN_TYPE = YES_ERROR;
				GCC_WARN_UNDECLARED_SELECTOR = YES;
				GCC_WARN_UNINITIALIZED_AUTOS = YES_AGGRESSIVE;
				GCC_WARN_UNUSED_FUNCTION = YES;
				GCC_WARN_UNUSED_VARIABLE = YES;
				IPHONEOS_DEPLOYMENT_TARGET = 10.2;
				MTL_ENABLE_DEBUG_INFO = NO;
				SDKROOT = iphoneos;
				TARGETED_DEVICE_FAMILY = "1,2";
				VALIDATE_PRODUCT = YES;
			};
			name = Release;
		};
		C4325A111E5EEF71005748F2 /* Debug */ = {
			isa = XCBuildConfiguration;
			baseConfigurationReference = 92EC5574F232BCD76890DD8C /* Pods-MBZBarcode.debug.xcconfig */;
			buildSettings = {
				ASSETCATALOG_COMPILER_APPICON_NAME = AppIcon;
				"CODE_SIGN_IDENTITY[sdk=iphoneos*]" = "iPhone Developer";
				DEVELOPMENT_TEAM = 42Y678JU64;
				FRAMEWORK_SEARCH_PATHS = (
					"$(inherited)",
					"$(PROJECT_DIR)/MBZBarcode",
				);
				INFOPLIST_FILE = MBZBarcode/Info.plist;
				IPHONEOS_DEPLOYMENT_TARGET = 9.0;
				LD_RUNPATH_SEARCH_PATHS = "$(inherited) @executable_path/Frameworks";
				PRODUCT_BUNDLE_IDENTIFIER = com.enterprise.mbz.barcode.www;
				PRODUCT_NAME = "$(TARGET_NAME)";
				PROVISIONING_PROFILE = "f4416bf7-f0e1-4495-bd8a-bd7e0c9bc022";
				PROVISIONING_PROFILE_SPECIFIER = "MBZ Barcode - Development";
			};
			name = Debug;
		};
		C4325A121E5EEF71005748F2 /* Release */ = {
			isa = XCBuildConfiguration;
			baseConfigurationReference = 849422FEFA0335B2F40F90B4 /* Pods-MBZBarcode.release.xcconfig */;
			buildSettings = {
				ASSETCATALOG_COMPILER_APPICON_NAME = AppIcon;
				"CODE_SIGN_IDENTITY[sdk=iphoneos*]" = "iPhone Distribution";
				DEVELOPMENT_TEAM = 42Y678JU64;
				FRAMEWORK_SEARCH_PATHS = (
					"$(inherited)",
					"$(PROJECT_DIR)/MBZBarcode",
				);
				INFOPLIST_FILE = MBZBarcode/Info.plist;
				IPHONEOS_DEPLOYMENT_TARGET = 9.0;
				LD_RUNPATH_SEARCH_PATHS = "$(inherited) @executable_path/Frameworks";
				PRODUCT_BUNDLE_IDENTIFIER = com.enterprise.mbz.barcode.www;
				PRODUCT_NAME = "$(TARGET_NAME)";
				PROVISIONING_PROFILE = "81fbd0bd-456c-45fc-a274-aad10e1cf893";
				PROVISIONING_PROFILE_SPECIFIER = "MBZ Barcode - In House";
			};
			name = Release;
		};
		C4325A141E5EEF71005748F2 /* Debug */ = {
			isa = XCBuildConfiguration;
			buildSettings = {
				BUNDLE_LOADER = "$(TEST_HOST)";
				FRAMEWORK_SEARCH_PATHS = (
					"$(inherited)",
					"$(PROJECT_DIR)/MBZBarcode",
				);
				INFOPLIST_FILE = MBZBarcodeTests/Info.plist;
				LD_RUNPATH_SEARCH_PATHS = "$(inherited) @executable_path/Frameworks @loader_path/Frameworks";
				PRODUCT_BUNDLE_IDENTIFIER = com.MBZMajlis.www.MBZBarcodeTests;
				PRODUCT_NAME = "$(TARGET_NAME)";
				TEST_HOST = "$(BUILT_PRODUCTS_DIR)/MBZBarcode.app/MBZBarcode";
			};
			name = Debug;
		};
		C4325A151E5EEF71005748F2 /* Release */ = {
			isa = XCBuildConfiguration;
			buildSettings = {
				BUNDLE_LOADER = "$(TEST_HOST)";
				FRAMEWORK_SEARCH_PATHS = (
					"$(inherited)",
					"$(PROJECT_DIR)/MBZBarcode",
				);
				INFOPLIST_FILE = MBZBarcodeTests/Info.plist;
				LD_RUNPATH_SEARCH_PATHS = "$(inherited) @executable_path/Frameworks @loader_path/Frameworks";
				PRODUCT_BUNDLE_IDENTIFIER = com.MBZMajlis.www.MBZBarcodeTests;
				PRODUCT_NAME = "$(TARGET_NAME)";
				TEST_HOST = "$(BUILT_PRODUCTS_DIR)/MBZBarcode.app/MBZBarcode";
			};
			name = Release;
		};
		C4325A171E5EEF71005748F2 /* Debug */ = {
			isa = XCBuildConfiguration;
			buildSettings = {
				INFOPLIST_FILE = MBZBarcodeUITests/Info.plist;
				LD_RUNPATH_SEARCH_PATHS = "$(inherited) @executable_path/Frameworks @loader_path/Frameworks";
				PRODUCT_BUNDLE_IDENTIFIER = com.MBZMajlis.www.MBZBarcodeUITests;
				PRODUCT_NAME = "$(TARGET_NAME)";
				TEST_TARGET_NAME = MBZBarcode;
			};
			name = Debug;
		};
		C4325A181E5EEF71005748F2 /* Release */ = {
			isa = XCBuildConfiguration;
			buildSettings = {
				INFOPLIST_FILE = MBZBarcodeUITests/Info.plist;
				LD_RUNPATH_SEARCH_PATHS = "$(inherited) @executable_path/Frameworks @loader_path/Frameworks";
				PRODUCT_BUNDLE_IDENTIFIER = com.MBZMajlis.www.MBZBarcodeUITests;
				PRODUCT_NAME = "$(TARGET_NAME)";
				TEST_TARGET_NAME = MBZBarcode;
			};
			name = Release;
		};
/* End XCBuildConfiguration section */

/* Begin XCConfigurationList section */
		C43259DE1E5EEF70005748F2 /* Build configuration list for PBXProject "MBZBarcode" */ = {
			isa = XCConfigurationList;
			buildConfigurations = (
				C4325A0E1E5EEF71005748F2 /* Debug */,
				C4325A0F1E5EEF71005748F2 /* Release */,
			);
			defaultConfigurationIsVisible = 0;
			defaultConfigurationName = Release;
		};
		C4325A101E5EEF71005748F2 /* Build configuration list for PBXNativeTarget "MBZBarcode" */ = {
			isa = XCConfigurationList;
			buildConfigurations = (
				C4325A111E5EEF71005748F2 /* Debug */,
				C4325A121E5EEF71005748F2 /* Release */,
			);
			defaultConfigurationIsVisible = 0;
			defaultConfigurationName = Release;
		};
		C4325A131E5EEF71005748F2 /* Build configuration list for PBXNativeTarget "MBZBarcodeTests" */ = {
			isa = XCConfigurationList;
			buildConfigurations = (
				C4325A141E5EEF71005748F2 /* Debug */,
				C4325A151E5EEF71005748F2 /* Release */,
			);
			defaultConfigurationIsVisible = 0;
			defaultConfigurationName = Release;
		};
		C4325A161E5EEF71005748F2 /* Build configuration list for PBXNativeTarget "MBZBarcodeUITests" */ = {
			isa = XCConfigurationList;
			buildConfigurations = (
				C4325A171E5EEF71005748F2 /* Debug */,
				C4325A181E5EEF71005748F2 /* Release */,
			);
			defaultConfigurationIsVisible = 0;
			defaultConfigurationName = Release;
		};
/* End XCConfigurationList section */
	};
	rootObject = C43259DB1E5EEF70005748F2 /* Project object */;
}
